
Microsoft Visual Studio Solution File, Format Version 12.00
# Visual Studio Version 17
VisualStudioVersion = 17.7.34031.279
MinimumVisualStudioVersion = 10.0.40219.1
Project("{9A19103F-16F7-4668-BE54-9A1E7A4F7556}") = "CalculadoraEquacao", "MeuApp\CalculadoraEquacao.csproj", "{6EA7D0F6-D2F3-4EAF-B33A-E5BFFBE14C7B}"
EndProject
Global
	GlobalSection(SolutionConfigurationPlatforms) = preSolution
		Debug|Any CPU = Debug|Any CPU
		Release|Any CPU = Release|Any CPU
	EndGlobalSection
	GlobalSection(ProjectConfigurationPlatforms) = postSolution
		{6EA7D0F6-D2F3-4EAF-B33A-E5BFFBE14C7B}.Debug|Any CPU.ActiveCfg = Debug|Any CPU
		{6EA7D0F6-D2F3-4EAF-B33A-E5BFFBE14C7B}.Debug|Any CPU.Build.0 = Debug|Any CPU
		{6EA7D0F6-D2F3-4EAF-B33A-E5BFFBE14C7B}.Release|Any CPU.ActiveCfg = Release|Any CPU
		{6EA7D0F6-D2F3-4EAF-B33A-E5BFFBE14C7B}.Release|Any CPU.Build.0 = Release|Any CPU
	EndGlobalSection
	GlobalSection(SolutionProperties) = preSolution
		HideSolutionNode = FALSE
	EndGlobalSection
	GlobalSection(ExtensibilityGlobals) = postSolution
		SolutionGuid = {B216ACC3-A967-4829-9783-C027DE15DCAF}
	EndGlobalSection
EndGlobal
